
Microsoft Visual Studio Solution File, Format Version 12.00
# Visual Studio Version 17
VisualStudioVersion = 17.1.32414.318
MinimumVisualStudioVersion = 10.0.40219.1
Project("{9A19103F-16F7-4668-BE54-9A1E7A4F7556}") = "ProcessKiller", "ProcessKiller\ProcessKiller.csproj", "{A37C0B22-CD17-445C-A0DC-D4D0C8C60A11}"
EndProject
Project("{9A19103F-16F7-4668-BE54-9A1E7A4F7556}") = "SeleniumAssignment", "SeleniumAssignment\SeleniumAssignment.csproj", "{0E1469A7-497F-4960-8153-45D0E71FC234}"
EndProject
Global
	GlobalSection(SolutionConfigurationPlatforms) = preSolution
		Debug|Any CPU = Debug|Any CPU
		Release|Any CPU = Release|Any CPU
	EndGlobalSection
	GlobalSection(ProjectConfigurationPlatforms) = postSolution
		{A37C0B22-CD17-445C-A0DC-D4D0C8C60A11}.Debug|Any CPU.ActiveCfg = Debug|Any CPU
		{A37C0B22-CD17-445C-A0DC-D4D0C8C60A11}.Debug|Any CPU.Build.0 = Debug|Any CPU
		{A37C0B22-CD17-445C-A0DC-D4D0C8C60A11}.Release|Any CPU.ActiveCfg = Release|Any CPU
		{A37C0B22-CD17-445C-A0DC-D4D0C8C60A11}.Release|Any CPU.Build.0 = Release|Any CPU
		{0E1469A7-497F-4960-8153-45D0E71FC234}.Debug|Any CPU.ActiveCfg = Debug|Any CPU
		{0E1469A7-497F-4960-8153-45D0E71FC234}.Debug|Any CPU.Build.0 = Debug|Any CPU
		{0E1469A7-497F-4960-8153-45D0E71FC234}.Release|Any CPU.ActiveCfg = Release|Any CPU
		{0E1469A7-497F-4960-8153-45D0E71FC234}.Release|Any CPU.Build.0 = Release|Any CPU
	EndGlobalSection
	GlobalSection(SolutionProperties) = preSolution
		HideSolutionNode = FALSE
	EndGlobalSection
	GlobalSection(ExtensibilityGlobals) = postSolution
		SolutionGuid = {CC33956D-996F-4FF0-9E2E-B0B1BBFD4723}
	EndGlobalSection
EndGlobal
